
Microsoft Visual Studio Solution File, Format Version 12.00
# Visual Studio Version 17
VisualStudioVersion = 17.9.34902.65
MinimumVisualStudioVersion = 10.0.40219.1
Project("{FAE04EC0-301F-11D3-BF4B-00C04F79EFBC}") = "NotificationMachineApp.API", "NotificationMachineApp.API\NotificationMachineApp.API.csproj", "{5E1FEAF0-A7E1-4699-9F57-7427A382DE23}"
EndProject
Project("{FAE04EC0-301F-11D3-BF4B-00C04F79EFBC}") = "NotificationMachineApp.Core", "NotificationMachineApp.Core\NotificationMachineApp.Core.csproj", "{0076D270-8FDB-41EE-B05F-53D43EF17A4F}"
EndProject
Project("{FAE04EC0-301F-11D3-BF4B-00C04F79EFBC}") = "NotificationMachineApp.Infrastructure", "NotificationMachineApp.Infrastructure\NotificationMachineApp.Infrastructure.csproj", "{C36871A3-0C6E-47B4-8474-4555A6BE85DA}"
EndProject
Project("{FAE04EC0-301F-11D3-BF4B-00C04F79EFBC}") = "NotificationMachineApp.Tests", "NotificationMachineApp.Tests\NotificationMachineApp.Tests.csproj", "{C7AF41E8-B37D-4C0B-97F2-ED66522FFB4A}"
EndProject
Global
	GlobalSection(SolutionConfigurationPlatforms) = preSolution
		Debug|Any CPU = Debug|Any CPU
		Release|Any CPU = Release|Any CPU
	EndGlobalSection
	GlobalSection(ProjectConfigurationPlatforms) = postSolution
		{5E1FEAF0-A7E1-4699-9F57-7427A382DE23}.Debug|Any CPU.ActiveCfg = Debug|Any CPU
		{5E1FEAF0-A7E1-4699-9F57-7427A382DE23}.Debug|Any CPU.Build.0 = Debug|Any CPU
		{5E1FEAF0-A7E1-4699-9F57-7427A382DE23}.Release|Any CPU.ActiveCfg = Release|Any CPU
		{5E1FEAF0-A7E1-4699-9F57-7427A382DE23}.Release|Any CPU.Build.0 = Release|Any CPU
		{0076D270-8FDB-41EE-B05F-53D43EF17A4F}.Debug|Any CPU.ActiveCfg = Debug|Any CPU
		{0076D270-8FDB-41EE-B05F-53D43EF17A4F}.Debug|Any CPU.Build.0 = Debug|Any CPU
		{0076D270-8FDB-41EE-B05F-53D43EF17A4F}.Release|Any CPU.ActiveCfg = Release|Any CPU
		{0076D270-8FDB-41EE-B05F-53D43EF17A4F}.Release|Any CPU.Build.0 = Release|Any CPU
		{C36871A3-0C6E-47B4-8474-4555A6BE85DA}.Debug|Any CPU.ActiveCfg = Debug|Any CPU
		{C36871A3-0C6E-47B4-8474-4555A6BE85DA}.Debug|Any CPU.Build.0 = Debug|Any CPU
		{C36871A3-0C6E-47B4-8474-4555A6BE85DA}.Release|Any CPU.ActiveCfg = Release|Any CPU
		{C36871A3-0C6E-47B4-8474-4555A6BE85DA}.Release|Any CPU.Build.0 = Release|Any CPU
		{C7AF41E8-B37D-4C0B-97F2-ED66522FFB4A}.Debug|Any CPU.ActiveCfg = Debug|Any CPU
		{C7AF41E8-B37D-4C0B-97F2-ED66522FFB4A}.Debug|Any CPU.Build.0 = Debug|Any CPU
		{C7AF41E8-B37D-4C0B-97F2-ED66522FFB4A}.Release|Any CPU.ActiveCfg = Release|Any CPU
		{C7AF41E8-B37D-4C0B-97F2-ED66522FFB4A}.Release|Any CPU.Build.0 = Release|Any CPU
	EndGlobalSection
	GlobalSection(SolutionProperties) = preSolution
		HideSolutionNode = FALSE
	EndGlobalSection
	GlobalSection(ExtensibilityGlobals) = postSolution
		SolutionGuid = {4F7E8E47-67EC-4A26-87CD-3F399058D318}
	EndGlobalSection
EndGlobal
